{
  "name": "shklikelionblog.github.io",
  "version": "1.0.0",
  "lockfileVersion": 1,
  "requires": true,
  "dependencies": {
    "@types/animejs": {
      "version": "3.1.3",
      "resolved": "https://registry.npmjs.org/@types/animejs/-/animejs-3.1.3.tgz",
      "integrity": "sha512-rJsAySPkYj2guclqKYM0H3PrmztgGL36e/oEv0APwiScmlNNQ36/S1INrOKRRLdygJbEiGjYDn4MAQ9LRNP4DA==",
      "dev": true
    },
    "@types/waypoints": {
      "version": "4.0.3",
      "resolved": "https://registry.npmjs.org/@types/waypoints/-/waypoints-4.0.3.tgz",
      "integrity": "sha512-z+zDZlqA/eRRtW3XONftaTXyX0l6WP9K6kCo0T9jVg7admbzyP/pMsXgGjY0494S6KaGCA7QCv0U4cIvvSb7pg==",
      "dev": true
    },
    "animejs": {
      "version": "3.2.1",
      "resolved": "https://registry.npmjs.org/animejs/-/animejs-3.2.1.tgz",
      "integrity": "sha512-sWno3ugFryK5nhiDm/2BKeFCpZv7vzerWUcUPyAZLDhMek3+S/p418ldZJbJXo5ZUOpfm2kP2XRO4NJcULMy9A=="
    },
    "waypoints": {
      "version": "4.0.1",
      "resolved": "https://registry.npmjs.org/waypoints/-/waypoints-4.0.1.tgz",
      "integrity": "sha1-CZeaBXOBCylifLpDZqKEoGLsacg="
    }
  }
}
